
Microsoft Visual Studio Solution File, Format Version 12.00
# Visual Studio Version 16
VisualStudioVersion = 16.0.30804.86
MinimumVisualStudioVersion = 10.0.40219.1
Project("{FAE04EC0-301F-11D3-BF4B-00C04F79EFBC}") = "UIExercise.Android", "QuoteSlider\QuoteSlider.Android\UIExercise.Android.csproj", "{9D2294CE-AD25-44E6-A36A-C40C4F4B1470}"
EndProject
Project("{9A19103F-16F7-4668-BE54-9A1E7A4F7556}") = "UIExercise", "QuoteSlider\QuoteSlider\UIExercise.csproj", "{A3EB11E3-46C3-432F-807F-314FB8BA67EE}"
EndProject
Global
	GlobalSection(SolutionConfigurationPlatforms) = preSolution
		Debug|Any CPU = Debug|Any CPU
		Release|Any CPU = Release|Any CPU
	EndGlobalSection
	GlobalSection(ProjectConfigurationPlatforms) = postSolution
		{9D2294CE-AD25-44E6-A36A-C40C4F4B1470}.Debug|Any CPU.ActiveCfg = Debug|Any CPU
		{9D2294CE-AD25-44E6-A36A-C40C4F4B1470}.Debug|Any CPU.Build.0 = Debug|Any CPU
		{9D2294CE-AD25-44E6-A36A-C40C4F4B1470}.Debug|Any CPU.Deploy.0 = Debug|Any CPU
		{9D2294CE-AD25-44E6-A36A-C40C4F4B1470}.Release|Any CPU.ActiveCfg = Release|Any CPU
		{9D2294CE-AD25-44E6-A36A-C40C4F4B1470}.Release|Any CPU.Build.0 = Release|Any CPU
		{9D2294CE-AD25-44E6-A36A-C40C4F4B1470}.Release|Any CPU.Deploy.0 = Release|Any CPU
		{A3EB11E3-46C3-432F-807F-314FB8BA67EE}.Debug|Any CPU.ActiveCfg = Debug|Any CPU
		{A3EB11E3-46C3-432F-807F-314FB8BA67EE}.Debug|Any CPU.Build.0 = Debug|Any CPU
		{A3EB11E3-46C3-432F-807F-314FB8BA67EE}.Debug|Any CPU.Deploy.0 = Debug|Any CPU
		{A3EB11E3-46C3-432F-807F-314FB8BA67EE}.Release|Any CPU.ActiveCfg = Release|Any CPU
		{A3EB11E3-46C3-432F-807F-314FB8BA67EE}.Release|Any CPU.Build.0 = Release|Any CPU
		{A3EB11E3-46C3-432F-807F-314FB8BA67EE}.Release|Any CPU.Deploy.0 = Release|Any CPU
	EndGlobalSection
	GlobalSection(SolutionProperties) = preSolution
		HideSolutionNode = FALSE
	EndGlobalSection
	GlobalSection(ExtensibilityGlobals) = postSolution
		SolutionGuid = {B198B31D-8759-42BE-A3E1-57BB906C1B74}
	EndGlobalSection
EndGlobal
